[{<<"cowlib">>,
  {git,"https://github.com/ninenines/cowlib",
       {ref,"b34155f725245848dca3a505398e262b1d50f25b"}},
  1},
 {<<"encurses">>,
  {git,"https://github.com/sofuture/encurses",
       {ref,"188aed75b0f69cb71b99ea245e26ec5e808cb668"}},
  0},
 {<<"gun">>,
  {git,"https://github.com/ninenines/gun",
       {ref,"d1d02a0ebc1a5d9852b7fe5216ac4ce628fb1744"}},
  0},
 {<<"jsone">>,
  {git,"https://github.com/sile/jsone.git",
       {ref,"2ebbe2361d19af3cc4c94b7345972710aec4fbda"}},
  0}].
